
Microsoft Visual Studio Solution File, Format Version 12.00
# Visual Studio Version 17
VisualStudioVersion = 17.14.36301.6 d17.14
MinimumVisualStudioVersion = 10.0.40219.1
Project("{FAE04EC0-301F-11D3-BF4B-00C04F79EFBC}") = "stepUp.Api", "stepUp.Api.csproj", "{887BA0C9-9AD9-46D3-A363-E344E19AFFC3}"
EndProject
Global
	GlobalSection(SolutionConfigurationPlatforms) = preSolution
		Debug|Any CPU = Debug|Any CPU
		Release|Any CPU = Release|Any CPU
	EndGlobalSection
	GlobalSection(ProjectConfigurationPlatforms) = postSolution
		{887BA0C9-9AD9-46D3-A363-E344E19AFFC3}.Debug|Any CPU.ActiveCfg = Debug|Any CPU
		{887BA0C9-9AD9-46D3-A363-E344E19AFFC3}.Debug|Any CPU.Build.0 = Debug|Any CPU
		{887BA0C9-9AD9-46D3-A363-E344E19AFFC3}.Release|Any CPU.ActiveCfg = Release|Any CPU
		{887BA0C9-9AD9-46D3-A363-E344E19AFFC3}.Release|Any CPU.Build.0 = Release|Any CPU
	EndGlobalSection
	GlobalSection(SolutionProperties) = preSolution
		HideSolutionNode = FALSE
	EndGlobalSection
	GlobalSection(ExtensibilityGlobals) = postSolution
		SolutionGuid = {368AABB6-16C9-4186-AD04-5F61602E827A}
	EndGlobalSection
EndGlobal
